<?xml version="1.0" encoding="utf-8"?>
<Project ToolsVersion="4.0" xmlns="http://schemas.microsoft.com/developer/msbuild/2003">
  <ItemGroup>
    <Filter Include="源文件">
      <UniqueIdentifier>{4FC737F1-C7A5-4376-A066-2A32D752A2FF}</UniqueIdentifier>
      <Extensions>cpp;c;cc;cxx;c++;cppm;ixx;def;odl;idl;hpj;bat;asm;asmx</Extensions>
    </Filter>
    <Filter Include="头文件">
      <UniqueIdentifier>{93995380-89BD-4b04-88EB-625FBE52EBFB}</UniqueIdentifier>
      <Extensions>h;hh;hpp;hxx;h++;hm;inl;inc;ipp;xsd</Extensions>
    </Filter>
    <Filter Include="资源文件">
      <UniqueIdentifier>{67DA6AB6-F800-4c08-8B7A-83BB121AAD01}</UniqueIdentifier>
      <Extensions>rc;ico;cur;bmp;dlg;rc2;rct;bin;rgs;gif;jpg;jpeg;jpe;resx;tiff;tif;png;wav;mfcribbon-ms</Extensions>
    </Filter>
    <Filter Include="external">
      <UniqueIdentifier>{ee555c8c-17d1-4e52-8323-f306a56cfaab}</UniqueIdentifier>
    </Filter>
    <Filter Include="external\glad">
      <UniqueIdentifier>{b66fe395-e259-4e32-9226-cc06d0eb6d13}</UniqueIdentifier>
    </Filter>
    <Filter Include="external\stb">
      <UniqueIdentifier>{6fd02a44-64c5-412b-8e18-4ca2f25d7e58}</UniqueIdentifier>
    </Filter>
    <Filter Include="external\imgui">
      <UniqueIdentifier>{a9777666-aff7-4333-98f9-26840c48ddaa}</UniqueIdentifier>
    </Filter>
    <Filter Include="animation">
      <UniqueIdentifier>{3602e8f2-988c-4dfd-8406-f1ba78a294aa}</UniqueIdentifier>
    </Filter>
    <Filter Include="obj_loader">
      <UniqueIdentifier>{b9128837-c2e6-4137-b19f-8bb5c3d5949a}</UniqueIdentifier>
    </Filter>
    <Filter Include="ui">
      <UniqueIdentifier>{a9573737-abc1-4561-a0a0-598ca310d20f}</UniqueIdentifier>
    </Filter>
    <Filter Include="config">
      <UniqueIdentifier>{c90bc44e-b858-4d80-9ea7-3c9511363528}</UniqueIdentifier>
    </Filter>
  </ItemGroup>
  <ItemGroup>
    <ClCompile Include="..\main.cpp">
      <Filter>源文件</Filter>
    </ClCompile>
    <ClCompile Include="..\base\application.cpp">
      <Filter>源文件</Filter>
    </ClCompile>
    <ClCompile Include="..\base\camera.cpp">
      <Filter>源文件</Filter>
    </ClCompile>
    <ClCompile Include="..\base\texture.cpp">
      <Filter>源文件</Filter>
    </ClCompile>
    <ClCompile Include="..\base\shader.cpp">
      <Filter>源文件</Filter>
    </ClCompile>
    <ClCompile Include="..\base\object3d.cpp">
      <Filter>源文件</Filter>
    </ClCompile>
    <ClCompile Include="..\external\glad\src\glad.c">
      <Filter>external\glad</Filter>
    </ClCompile>
    <ClCompile Include="..\external\stb\stb_image.cpp">
      <Filter>external\stb</Filter>
    </ClCompile>
    <ClCompile Include="..\external\imgui\imgui.cpp">
      <Filter>external\imgui</Filter>
    </ClCompile>
    <ClCompile Include="..\external\imgui\imgui_demo.cpp">
      <Filter>external\imgui</Filter>
    </ClCompile>
    <ClCompile Include="..\external\imgui\imgui_draw.cpp">
      <Filter>external\imgui</Filter>
    </ClCompile>
    <ClCompile Include="..\external\imgui\imgui_impl_glfw.cpp">
      <Filter>external\imgui</Filter>
    </ClCompile>
    <ClCompile Include="..\external\imgui\imgui_impl_opengl3.cpp">
      <Filter>external\imgui</Filter>
    </ClCompile>
    <ClCompile Include="..\external\imgui\imgui_tables.cpp">
      <Filter>external\imgui</Filter>
    </ClCompile>
    <ClCompile Include="..\external\imgui\imgui_widgets.cpp">
      <Filter>external\imgui</Filter>
    </ClCompile>
    <ClCompile Include="..\base\mesh.cpp">
      <Filter>源文件</Filter>
    </ClCompile>
    <ClCompile Include="..\base\model.cpp">
      <Filter>源文件</Filter>
    </ClCompile>
    <ClCompile Include="..\src\house_scene.cpp">
      <Filter>源文件</Filter>
    </ClCompile>
    <ClCompile Include="..\base\skeleton_model.cpp">
      <Filter>animation</Filter>
    </ClCompile>
    <ClCompile Include="..\src\my_obj_loader.cpp">
      <Filter>obj_loader</Filter>
    </ClCompile>
    <ClCompile Include="..\base\skybox.cpp">
      <Filter>源文件</Filter>
    </ClCompile>
    <ClCompile Include="..\base\ImportExport.cpp">
      <Filter>animation</Filter>
    </ClCompile>
    <ClCompile Include="..\src\ui\user_interface.cpp">
      <Filter>ui</Filter>
    </ClCompile>
    <ClCompile Include="..\src\ui\window.cpp">
      <Filter>ui</Filter>
    </ClCompile>
    <ClCompile Include="..\base\light.cpp">
      <Filter>源文件</Filter>
    </ClCompile>
    <ClCompile Include="..\src\basic_object.cpp">
      <Filter>obj_loader</Filter>
    </ClCompile>
    <ClCompile Include="..\src\geometry.cpp">
      <Filter>源文件</Filter>
    </ClCompile>
  </ItemGroup>
  <ItemGroup>
    <ClInclude Include="..\base\application.h">
      <Filter>头文件</Filter>
    </ClInclude>
    <ClInclude Include="..\base\camera.h">
      <Filter>头文件</Filter>
    </ClInclude>
    <ClInclude Include="..\base\shader.h">
      <Filter>头文件</Filter>
    </ClInclude>
    <ClInclude Include="..\base\object3d.h">
      <Filter>头文件</Filter>
    </ClInclude>
    <ClInclude Include="..\base\vertex.h">
      <Filter>头文件</Filter>
    </ClInclude>
    <ClInclude Include="..\base\texture.h">
      <Filter>头文件</Filter>
    </ClInclude>
    <ClInclude Include="..\base\mesh.h">
      <Filter>头文件</Filter>
    </ClInclude>
    <ClInclude Include="..\base\model.h">
      <Filter>头文件</Filter>
    </ClInclude>
    <ClInclude Include="resource.h">
      <Filter>头文件</Filter>
    </ClInclude>
    <ClInclude Include="..\src\house_scene.h">
      <Filter>头文件</Filter>
    </ClInclude>
    <ClInclude Include="..\base\skeleton.h">
      <Filter>animation</Filter>
    </ClInclude>
    <ClInclude Include="..\base\skeleton_model.h">
      <Filter>animation</Filter>
    </ClInclude>
    <ClInclude Include="..\src\my_obj_loader.h">
      <Filter>obj_loader</Filter>
    </ClInclude>
    <ClInclude Include="..\base\skybox.h">
      <Filter>头文件</Filter>
    </ClInclude>
    <ClInclude Include="..\base\utils.h">
      <Filter>animation</Filter>
    </ClInclude>
    <ClInclude Include="..\base\ImportExport.h">
      <Filter>animation</Filter>
    </ClInclude>
    <ClInclude Include="..\base\material.h">
      <Filter>头文件</Filter>
    </ClInclude>
    <ClInclude Include="..\src\ui\user_interface.h">
      <Filter>ui</Filter>
    </ClInclude>
    <ClInclude Include="..\src\ui\window.h">
      <Filter>ui</Filter>
    </ClInclude>
    <ClInclude Include="..\src\config\model_config.h">
      <Filter>config</Filter>
    </ClInclude>
    <ClInclude Include="..\src\animation\export_media.h">
      <Filter>animation</Filter>
    </ClInclude>
    <ClInclude Include="..\base\light.h">
      <Filter>头文件</Filter>
    </ClInclude>
    <ClInclude Include="..\src\basic_object.h">
      <Filter>obj_loader</Filter>
    </ClInclude>
    <ClInclude Include="..\src\config\option.h">
      <Filter>config</Filter>
    </ClInclude>
    <ClInclude Include="..\src\config\user_settings.h">
      <Filter>config</Filter>
    </ClInclude>
    <ClInclude Include="..\src\geometry.h">
      <Filter>头文件</Filter>
    </ClInclude>
  </ItemGroup>
  <ItemGroup>
    <None Include="packages.config" />
  </ItemGroup>
  <ItemGroup>
    <ResourceCompile Include="cg_project.rc">
      <Filter>资源文件</Filter>
    </ResourceCompile>
  </ItemGroup>
</Project>